
Microsoft Visual Studio Solution File, Format Version 12.00
# Visual Studio Version 17
VisualStudioVersion = 17.0.31919.166
MinimumVisualStudioVersion = 10.0.40219.1
Project("{FAE04EC0-301F-11D3-BF4B-00C04F79EFBC}") = "ManejoPresupuesto", "ManejoPresupuesto\ManejoPresupuesto.csproj", "{EE4319D5-656B-4035-BA76-07F53CBF5C8F}"
EndProject
Global
	GlobalSection(SolutionConfigurationPlatforms) = preSolution
		Debug|Any CPU = Debug|Any CPU
		Release|Any CPU = Release|Any CPU
	EndGlobalSection
	GlobalSection(ProjectConfigurationPlatforms) = postSolution
		{EE4319D5-656B-4035-BA76-07F53CBF5C8F}.Debug|Any CPU.ActiveCfg = Debug|Any CPU
		{EE4319D5-656B-4035-BA76-07F53CBF5C8F}.Debug|Any CPU.Build.0 = Debug|Any CPU
		{EE4319D5-656B-4035-BA76-07F53CBF5C8F}.Release|Any CPU.ActiveCfg = Release|Any CPU
		{EE4319D5-656B-4035-BA76-07F53CBF5C8F}.Release|Any CPU.Build.0 = Release|Any CPU
	EndGlobalSection
	GlobalSection(SolutionProperties) = preSolution
		HideSolutionNode = FALSE
	EndGlobalSection
	GlobalSection(ExtensibilityGlobals) = postSolution
		SolutionGuid = {187A5677-5887-46B9-90A6-EC58F7E578E7}
	EndGlobalSection
EndGlobal
